
Microsoft Visual Studio Solution File, Format Version 12.00
Project("{FAE04EC0-301F-11D3-BF4B-00C04F79EFBC}") = "ManagedCode.Orleans.StateMachine", "ManagedCode.Orleans.StateMachine\ManagedCode.Orleans.StateMachine.csproj", "{78288A9B-7263-47B5-842C-0D1A8B65122F}"
EndProject
Project("{FAE04EC0-301F-11D3-BF4B-00C04F79EFBC}") = "ManagedCode.Orleans.StateMachine.Tests", "ManagedCode.Orleans.StateMachine.Tests\ManagedCode.Orleans.StateMachine.Tests.csproj", "{9CBCE9A2-D148-41BD-8615-62421EA3ACBB}"
EndProject
Global
	GlobalSection(SolutionConfigurationPlatforms) = preSolution
		Debug|Any CPU = Debug|Any CPU
		Release|Any CPU = Release|Any CPU
	EndGlobalSection
	GlobalSection(ProjectConfigurationPlatforms) = postSolution
		{78288A9B-7263-47B5-842C-0D1A8B65122F}.Debug|Any CPU.ActiveCfg = Debug|Any CPU
		{78288A9B-7263-47B5-842C-0D1A8B65122F}.Debug|Any CPU.Build.0 = Debug|Any CPU
		{78288A9B-7263-47B5-842C-0D1A8B65122F}.Release|Any CPU.ActiveCfg = Release|Any CPU
		{78288A9B-7263-47B5-842C-0D1A8B65122F}.Release|Any CPU.Build.0 = Release|Any CPU
		{9CBCE9A2-D148-41BD-8615-62421EA3ACBB}.Debug|Any CPU.ActiveCfg = Debug|Any CPU
		{9CBCE9A2-D148-41BD-8615-62421EA3ACBB}.Debug|Any CPU.Build.0 = Debug|Any CPU
		{9CBCE9A2-D148-41BD-8615-62421EA3ACBB}.Release|Any CPU.ActiveCfg = Release|Any CPU
		{9CBCE9A2-D148-41BD-8615-62421EA3ACBB}.Release|Any CPU.Build.0 = Release|Any CPU
	EndGlobalSection
EndGlobal
